{
  "version": 4,
  "terraform_version": "1.5.4",
  "serial": 10,
  "lineage": "569faf2f-7e28-fd4e-23c4-16eaabe4b93e",
  "outputs": {
    "public-ips": {
      "value": {
        "dev": "3.239.244.100",
        "master": "3.235.52.131",
        "qa": "35.175.245.236"
      },
      "type": [
        "object",
        {
          "dev": "string",
          "master": "string",
          "qa": "string"
        }
      ]
    },
    "ssh-command": {
      "value": {
        "dev": "ssh -i keypair.pem ec2-user@ec2-3-239-244-100.compute-1.amazonaws.com",
        "master": "ssh -i keypair.pem ec2-user@ec2-3-235-52-131.compute-1.amazonaws.com",
        "qa": "ssh -i keypair.pem ec2-user@ec2-35-175-245-236.compute-1.amazonaws.com"
      },
      "type": [
        "object",
        {
          "dev": "string",
          "master": "string",
          "qa": "string"
        }
      ]
    }
  },
  "resources": [
    {
      "mode": "data",
      "type": "aws_ami",
      "name": "amazon-2",
      "provider": "provider[\"registry.terraform.io/hashicorp/aws\"]",
      "instances": [
        {
          "schema_version": 0,
          "attributes": {
            "architecture": "x86_64",
            "arn": "arn:aws:ec2:us-east-1::image/ami-0a58b475e94715d02",
            "block_device_mappings": [
              {
                "device_name": "/dev/xvda",
                "ebs": {
                  "delete_on_termination": "true",
                  "encrypted": "false",
                  "iops": "0",
                  "snapshot_id": "snap-0f76244bff2d3b792",
                  "throughput": "0",
                  "volume_size": "8",
                  "volume_type": "standard"
                },
                "no_device": "",
                "virtual_name": ""
              }
            ],
            "boot_mode": "",
            "creation_date": "2023-07-27T02:46:13.000Z",
            "deprecation_time": "2025-07-27T02:46:13.000Z",
            "description": "Amazon Linux 2 AMI 2.0.20230727.0 x86_64 HVM ebs",
            "ena_support": true,
            "executable_users": null,
            "filter": [
              {
                "name": "name",
                "values": [
                  "amzn2-ami-hvm-*-x86_64-ebs"
                ]
              }
            ],
            "hypervisor": "xen",
            "id": "ami-0a58b475e94715d02",
            "image_id": "ami-0a58b475e94715d02",
            "image_location": "amazon/amzn2-ami-hvm-2.0.20230727.0-x86_64-ebs",
            "image_owner_alias": "amazon",
            "image_type": "machine",
            "imds_support": "",
            "include_deprecated": false,
            "kernel_id": "",
            "most_recent": true,
            "name": "amzn2-ami-hvm-2.0.20230727.0-x86_64-ebs",
            "name_regex": null,
            "owner_id": "137112412989",
            "owners": [
              "amazon"
            ],
            "platform": "",
            "platform_details": "Linux/UNIX",
            "product_codes": [],
            "public": true,
            "ramdisk_id": "",
            "root_device_name": "/dev/xvda",
            "root_device_type": "ebs",
            "root_snapshot_id": "snap-0f76244bff2d3b792",
            "sriov_net_support": "simple",
            "state": "available",
            "state_reason": {
              "code": "UNSET",
              "message": "UNSET"
            },
            "tags": {},
            "timeouts": null,
            "tpm_support": "",
            "usage_operation": "RunInstances",
            "virtualization_type": "hvm"
          },
          "sensitive_attributes": []
        }
      ]
    },
    {
      "mode": "managed",
      "type": "aws_default_vpc",
      "name": "default_vpc",
      "provider": "provider[\"registry.terraform.io/hashicorp/aws\"]",
      "instances": [
        {
          "schema_version": 1,
          "attributes": {
            "arn": "arn:aws:ec2:us-east-1:504958388858:vpc/vpc-059af329e229f06d1",
            "assign_generated_ipv6_cidr_block": false,
            "cidr_block": "172.31.0.0/16",
            "default_network_acl_id": "acl-0b6a2f477e8a7a854",
            "default_route_table_id": "rtb-0145ed7cf4b2b267a",
            "default_security_group_id": "sg-05e21980b7d56489b",
            "dhcp_options_id": "dopt-07c6fe52c60b1986d",
            "enable_dns_hostnames": true,
            "enable_dns_support": true,
            "enable_network_address_usage_metrics": false,
            "existing_default_vpc": true,
            "force_destroy": false,
            "id": "vpc-059af329e229f06d1",
            "instance_tenancy": "default",
            "ipv6_association_id": "",
            "ipv6_cidr_block": "",
            "ipv6_cidr_block_network_border_group": "",
            "ipv6_ipam_pool_id": "",
            "ipv6_netmask_length": 0,
            "main_route_table_id": "rtb-0145ed7cf4b2b267a",
            "owner_id": "504958388858",
            "tags": null,
            "tags_all": {}
          },
          "sensitive_attributes": [],
          "private": "eyJzY2hlbWFfdmVyc2lvbiI6IjEifQ=="
        }
      ]
    },
    {
      "mode": "managed",
      "type": "aws_key_pair",
      "name": "ec2_key",
      "provider": "provider[\"registry.terraform.io/hashicorp/aws\"]",
      "instances": [
        {
          "schema_version": 1,
          "attributes": {
            "arn": "arn:aws:ec2:us-east-1:504958388858:key-pair/keypair1",
            "fingerprint": "52:92:3d:4d:33:fc:1b:e8:d6:e4:8e:da:cd:ac:3f:2f",
            "id": "keypair1",
            "key_name": "keypair1",
            "key_name_prefix": "",
            "key_pair_id": "key-0c0ee8ea75ce84702",
            "key_type": "rsa",
            "public_key": "ssh-rsa AAAAB3NzaC1yc2EAAAADAQABAAABAQDjNK0ACi8fMgsoQuPn47W5Ph2pN7Z2dsrTXhRSKpRJ7X4oiLWR/J6ia2mJwL8bYG1h21nGnritnhhdIdptMZfDRx+IY1GiykybiJ2L5QYiTof5NIg+4tUXD/MHKokw95Nr5rM+jP+iU7YJ83IqlJCsliAXvgESecFPlKIqXDCgsCv0Uwa6iN1RHK9Y/cBFr3sODUo8fNY66YYA1qGe5P1CGx/3YOrNteP1izSrID5b5CnWgNWBDQoz+N/lCCYGc7Lop8EXabcNJ4OeT1UAcBzj0ViSYAygvFI7ny6/e/tP64sOqVxXRQcM1AEtkg49167xCmDctVLaVwWmw9TOtjoZ",
            "tags": null,
            "tags_all": {}
          },
          "sensitive_attributes": [],
          "private": "eyJzY2hlbWFfdmVyc2lvbiI6IjEifQ==",
          "dependencies": [
            "tls_private_key.ec2_key"
          ]
        }
      ]
    },
    {
      "mode": "managed",
      "type": "aws_security_group",
      "name": "web-sg",
      "provider": "provider[\"registry.terraform.io/hashicorp/aws\"]",
      "instances": [
        {
          "schema_version": 1,
          "attributes": {
            "arn": "arn:aws:ec2:us-east-1:504958388858:security-group/sg-0dfcb521fa4c8ea1c",
            "description": "Allow ssh inbound traffic",
            "egress": [
              {
                "cidr_blocks": [
                  "0.0.0.0/0"
                ],
                "description": "",
                "from_port": 0,
                "ipv6_cidr_blocks": [],
                "prefix_list_ids": [],
                "protocol": "-1",
                "security_groups": [],
                "self": false,
                "to_port": 0
              }
            ],
            "id": "sg-0dfcb521fa4c8ea1c",
            "ingress": [
              {
                "cidr_blocks": [
                  "0.0.0.0/0"
                ],
                "description": "http port",
                "from_port": 80,
                "ipv6_cidr_blocks": [],
                "prefix_list_ids": [],
                "protocol": "tcp",
                "security_groups": [],
                "self": false,
                "to_port": 80
              },
              {
                "cidr_blocks": [
                  "0.0.0.0/0"
                ],
                "description": "ssh from VPC",
                "from_port": 22,
                "ipv6_cidr_blocks": [],
                "prefix_list_ids": [],
                "protocol": "tcp",
                "security_groups": [],
                "self": false,
                "to_port": 22
              }
            ],
            "name": "ansible-Web-SG",
            "name_prefix": "",
            "owner_id": "504958388858",
            "revoke_rules_on_delete": false,
            "tags": {
              "Name": "ansible-Web-SG"
            },
            "tags_all": {
              "Name": "ansible-Web-SG"
            },
            "timeouts": null,
            "vpc_id": "vpc-059af329e229f06d1"
          },
          "sensitive_attributes": [],
          "private": "eyJlMmJmYjczMC1lY2FhLTExZTYtOGY4OC0zNDM2M2JjN2M0YzAiOnsiY3JlYXRlIjo2MDAwMDAwMDAwMDAsImRlbGV0ZSI6OTAwMDAwMDAwMDAwfSwic2NoZW1hX3ZlcnNpb24iOiIxIn0=",
          "dependencies": [
            "aws_default_vpc.default_vpc"
          ]
        }
      ]
    },
    {
      "mode": "managed",
      "type": "local_file",
      "name": "ssh_key",
      "provider": "provider[\"registry.terraform.io/hashicorp/local\"]",
      "instances": [
        {
          "schema_version": 0,
          "attributes": {
            "content": "-----BEGIN RSA PRIVATE KEY-----\nMIIEowIBAAKCAQEA4zStAAovHzILKELj5+O1uT4dqTe2dnbK014UUiqUSe1+KIi1\nkfyeomtpicC/G2BtYdtZxp64rZ4YXSHabTGXw0cfiGNRospMm4idi+UGIk6H+TSI\nPuLVFw/zByqJMPeTa+azPoz/olO2CfNyKpSQrJYgF74BEnnBT5SiKlwwoLAr9FMG\nuojdURyvWP3ARa97Dg1KPHzWOumGANahnuT9Qhsf92DqzbXj9Ys0qyA+W+Qp1oDV\ngQ0KM/jf5QgmBnOy6KfBF2m3DSeDnk9VAHAc49FYkmAMoLxSO58uv3v7T+uLDqlc\nV0UHDNQBLZIOPdeu8Qpg3LVS2lcFpsPUzrY6GQIDAQABAoIBAFHaFkEfah547uAQ\nSP6vYDZeFF1z/r3qyeMfz35SbJ29e2eq6I6xTY0B2UGROMfqEz3fwhX19F5HyEs0\n+PXBmgT1yHxgG3bkHnkh3HAbj/woAoBa1oKhQVdPnaQFROtpJakHsadlMGsQcVJg\na86/OueSJfmnr8cyKdw7lbhhAfvBDi8fK2GAWgt1Tho6oChntYIs6FWz/vq5dACw\n453V0EZPso4A7rY6Vxvi+LaCuIiMZZg30XMc/pLhKIXRVKFTCz/D2xOn8WKyRNH7\n8OoW7ZHoYix6xRUraColrUug6RYFMO2zgEu5yeXSTcSmGbxzeWL8NimtDnr/LW8x\nnP5VFMkCgYEA8imUNxBbZphr0KOm8Vyc1BpDN6EhO2ETVvQCIohL5oGAGwa8pRU1\nbdos81drzeDU5atAOlgjPqxB3NmkBX/DFzebGcLUrxfGR1cjS/+9iKTKKmip/HhY\npUSPuojTwPBnQz5Lt+FrafSGDgoCTfrlcqUpEwoFsVL1vcdEhWjzWlcCgYEA8DBO\nftAm9oR6jU4g+uZMbIKxmwv9apelqjk2CRagOOfxmdvv+C6BDdbnzR5oT6gMJFlt\nejsUwgLvo8pKyxPH3uiYpcY52l5BeJre46jZtC4ip77VbOiFA4oR0uEVQZAL3v9E\ncZKEhd+uTcvuUXweTXz7HocTjp5IqavwYKNkKQ8CgYEA7/AgqfpsBZiKYvxzwfw4\na7Pl2+2sBrClv+cfYmXXhnnTm3OuYIdGHCUrmqSI7UGS0ElA505DBasZyyBd8xDn\nFU8EP58aqq4MyMze7UNk4UoeAa0YmE4Jzx7CpllCLo5EUo0b6wLQMfiVBr4GEIvC\n4jghHXs1rr/7OuGA1Arr7BsCgYBH9gEeh1iVFR3uhhDleug8vm9dx5rWO7b7qAZj\ndK7uPbep5DYiQjSSI+fxEYIpE20H2u8s5tSSR/TqOqpr63I/e6p4SEp+/SxaaPQM\ne0M2c3gYj9k7tvJbHBu49Yy7xt93oT0tVbt0rI55anbtXOVrS92kyM14Nj4I76Wm\nHm3cywKBgCptYkLXayZLFIiYE3B42YgdReTRUTY6kSddt8wniqS7xJP8nV/DTkSv\nzGLGFh34Ko0a1GldAHtSxMUwMfYzdF9qF4weZXO6aJd6dqEoZX/G+OKbwce980Ov\na25J4+cqNiiPwHQy4KtzpoZ01LzJmBJagD4g6WSq90nP/LmHZyco\n-----END RSA PRIVATE KEY-----\n",
            "content_base64": null,
            "content_base64sha256": "C+KUg8jDfgeAdKbYpApeQ8RQaOB7GUgPiNUc/b1Df/E=",
            "content_base64sha512": "ATWN6Nx/pdKXJR8jwWjVvH2Xe7JgflDYHlcbIul7BQpB6NaQ06ydaczToqYcaKs+PrMchpOKEMr1/A5SUojZpA==",
            "content_md5": "98556df7b3510c70d9a3d1bc4ea30a1c",
            "content_sha1": "86f97c85b03149d3eb38cdc013fa78bc34150255",
            "content_sha256": "0be29483c8c37e078074a6d8a40a5e43c45068e07b19480f88d51cfdbd437ff1",
            "content_sha512": "01358de8dc7fa5d297251f23c168d5bc7d977bb2607e50d81e571b22e97b050a41e8d690d3ac9d69ccd3a2a61c68ab3e3eb31c86938a10caf5fc0e525288d9a4",
            "directory_permission": "0777",
            "file_permission": "0777",
            "filename": "keypair.pem",
            "id": "86f97c85b03149d3eb38cdc013fa78bc34150255",
            "sensitive_content": null,
            "source": null
          },
          "sensitive_attributes": [
            [
              {
                "type": "get_attr",
                "value": "content"
              }
            ]
          ],
          "dependencies": [
            "tls_private_key.ec2_key"
          ]
        }
      ]
    },
    {
      "mode": "managed",
      "type": "null_resource",
      "name": "copy_ssh_key",
      "provider": "provider[\"registry.terraform.io/hashicorp/null\"]",
      "instances": [
        {
          "schema_version": 0,
          "attributes": {
            "id": "258410304232847541",
            "triggers": null
          },
          "sensitive_attributes": [],
          "dependencies": [
            "aws_default_vpc.default_vpc",
            "aws_key_pair.ec2_key",
            "aws_security_group.web-sg",
            "data.aws_ami.amazon-2",
            "module.ec2_instance.aws_iam_instance_profile.this",
            "module.ec2_instance.aws_iam_role.this",
            "module.ec2_instance.aws_iam_role_policy_attachment.this",
            "module.ec2_instance.aws_instance.ignore_ami",
            "module.ec2_instance.aws_instance.this",
            "module.ec2_instance.aws_spot_instance_request.this",
            "module.ec2_instance.data.aws_iam_policy_document.assume_role_policy",
            "module.ec2_instance.data.aws_partition.current",
            "module.ec2_instance.data.aws_ssm_parameter.this",
            "tls_private_key.ec2_key"
          ]
        }
      ]
    },
    {
      "mode": "managed",
      "type": "tls_private_key",
      "name": "ec2_key",
      "provider": "provider[\"registry.terraform.io/hashicorp/tls\"]",
      "instances": [
        {
          "schema_version": 1,
          "attributes": {
            "algorithm": "RSA",
            "ecdsa_curve": "P224",
            "id": "df751ef847af13d14eab83c51f5737cbdc6e0690",
            "private_key_openssh": "-----BEGIN OPENSSH PRIVATE KEY-----\nb3BlbnNzaC1rZXktdjEAAAAABG5vbmUAAAAEbm9uZQAAAAAAAAABAAABFwAAAAdz\nc2gtcnNhAAAAAwEAAQAAAQEA4zStAAovHzILKELj5+O1uT4dqTe2dnbK014UUiqU\nSe1+KIi1kfyeomtpicC/G2BtYdtZxp64rZ4YXSHabTGXw0cfiGNRospMm4idi+UG\nIk6H+TSIPuLVFw/zByqJMPeTa+azPoz/olO2CfNyKpSQrJYgF74BEnnBT5SiKlww\noLAr9FMGuojdURyvWP3ARa97Dg1KPHzWOumGANahnuT9Qhsf92DqzbXj9Ys0qyA+\nW+Qp1oDVgQ0KM/jf5QgmBnOy6KfBF2m3DSeDnk9VAHAc49FYkmAMoLxSO58uv3v7\nT+uLDqlcV0UHDNQBLZIOPdeu8Qpg3LVS2lcFpsPUzrY6GQAAA7iFjSwEhY0sBAAA\nAAdzc2gtcnNhAAABAQDjNK0ACi8fMgsoQuPn47W5Ph2pN7Z2dsrTXhRSKpRJ7X4o\niLWR/J6ia2mJwL8bYG1h21nGnritnhhdIdptMZfDRx+IY1GiykybiJ2L5QYiTof5\nNIg+4tUXD/MHKokw95Nr5rM+jP+iU7YJ83IqlJCsliAXvgESecFPlKIqXDCgsCv0\nUwa6iN1RHK9Y/cBFr3sODUo8fNY66YYA1qGe5P1CGx/3YOrNteP1izSrID5b5CnW\ngNWBDQoz+N/lCCYGc7Lop8EXabcNJ4OeT1UAcBzj0ViSYAygvFI7ny6/e/tP64sO\nqVxXRQcM1AEtkg49167xCmDctVLaVwWmw9TOtjoZAAAAAwEAAQAAAQBR2hZBH2oe\neO7gEEj+r2A2XhRdc/696snjH89+UmydvXtnquiOsU2NAdlBkTjH6hM938IV9fRe\nR8hLNPj1wZoE9ch8YBt25B55IdxwG4/8KAKAWtaCoUFXT52kBUTraSWpB7GnZTBr\nEHFSYGvOvzrnkiX5p6/HMincO5W4YQH7wQ4vHythgFoLdU4aOqAoZ7WCLOhVs/76\nuXQAsOOd1dBGT7KOAO62Olcb4vi2griIjGWYN9FzHP6S4SiF0VShUws/w9sTp/Fi\nskTR+/DqFu2R6GIsesUVK2gqJa1LoOkWBTDts4BLucnl0k3Ephm8c3li/DYprQ56\n/y1vMZz+VRTJAAAAgCptYkLXayZLFIiYE3B42YgdReTRUTY6kSddt8wniqS7xJP8\nnV/DTkSvzGLGFh34Ko0a1GldAHtSxMUwMfYzdF9qF4weZXO6aJd6dqEoZX/G+OKb\nwce980Ova25J4+cqNiiPwHQy4KtzpoZ01LzJmBJagD4g6WSq90nP/LmHZycoAAAA\ngQDyKZQ3EFtmmGvQo6bxXJzUGkM3oSE7YRNW9AIiiEvmgYAbBrylFTVt2izzV2vN\n4NTlq0A6WCM+rEHc2aQFf8MXN5sZwtSvF8ZHVyNL/72IpMoqaKn8eFilRI+6iNPA\n8GdDPku34Wtp9IYOCgJN+uVypSkTCgWxUvW9x0SFaPNaVwAAAIEA8DBOftAm9oR6\njU4g+uZMbIKxmwv9apelqjk2CRagOOfxmdvv+C6BDdbnzR5oT6gMJFltejsUwgLv\no8pKyxPH3uiYpcY52l5BeJre46jZtC4ip77VbOiFA4oR0uEVQZAL3v9EcZKEhd+u\nTcvuUXweTXz7HocTjp5IqavwYKNkKQ8AAAAAAQID\n-----END OPENSSH PRIVATE KEY-----\n",
            "private_key_pem": "-----BEGIN RSA PRIVATE KEY-----\nMIIEowIBAAKCAQEA4zStAAovHzILKELj5+O1uT4dqTe2dnbK014UUiqUSe1+KIi1\nkfyeomtpicC/G2BtYdtZxp64rZ4YXSHabTGXw0cfiGNRospMm4idi+UGIk6H+TSI\nPuLVFw/zByqJMPeTa+azPoz/olO2CfNyKpSQrJYgF74BEnnBT5SiKlwwoLAr9FMG\nuojdURyvWP3ARa97Dg1KPHzWOumGANahnuT9Qhsf92DqzbXj9Ys0qyA+W+Qp1oDV\ngQ0KM/jf5QgmBnOy6KfBF2m3DSeDnk9VAHAc49FYkmAMoLxSO58uv3v7T+uLDqlc\nV0UHDNQBLZIOPdeu8Qpg3LVS2lcFpsPUzrY6GQIDAQABAoIBAFHaFkEfah547uAQ\nSP6vYDZeFF1z/r3qyeMfz35SbJ29e2eq6I6xTY0B2UGROMfqEz3fwhX19F5HyEs0\n+PXBmgT1yHxgG3bkHnkh3HAbj/woAoBa1oKhQVdPnaQFROtpJakHsadlMGsQcVJg\na86/OueSJfmnr8cyKdw7lbhhAfvBDi8fK2GAWgt1Tho6oChntYIs6FWz/vq5dACw\n453V0EZPso4A7rY6Vxvi+LaCuIiMZZg30XMc/pLhKIXRVKFTCz/D2xOn8WKyRNH7\n8OoW7ZHoYix6xRUraColrUug6RYFMO2zgEu5yeXSTcSmGbxzeWL8NimtDnr/LW8x\nnP5VFMkCgYEA8imUNxBbZphr0KOm8Vyc1BpDN6EhO2ETVvQCIohL5oGAGwa8pRU1\nbdos81drzeDU5atAOlgjPqxB3NmkBX/DFzebGcLUrxfGR1cjS/+9iKTKKmip/HhY\npUSPuojTwPBnQz5Lt+FrafSGDgoCTfrlcqUpEwoFsVL1vcdEhWjzWlcCgYEA8DBO\nftAm9oR6jU4g+uZMbIKxmwv9apelqjk2CRagOOfxmdvv+C6BDdbnzR5oT6gMJFlt\nejsUwgLvo8pKyxPH3uiYpcY52l5BeJre46jZtC4ip77VbOiFA4oR0uEVQZAL3v9E\ncZKEhd+uTcvuUXweTXz7HocTjp5IqavwYKNkKQ8CgYEA7/AgqfpsBZiKYvxzwfw4\na7Pl2+2sBrClv+cfYmXXhnnTm3OuYIdGHCUrmqSI7UGS0ElA505DBasZyyBd8xDn\nFU8EP58aqq4MyMze7UNk4UoeAa0YmE4Jzx7CpllCLo5EUo0b6wLQMfiVBr4GEIvC\n4jghHXs1rr/7OuGA1Arr7BsCgYBH9gEeh1iVFR3uhhDleug8vm9dx5rWO7b7qAZj\ndK7uPbep5DYiQjSSI+fxEYIpE20H2u8s5tSSR/TqOqpr63I/e6p4SEp+/SxaaPQM\ne0M2c3gYj9k7tvJbHBu49Yy7xt93oT0tVbt0rI55anbtXOVrS92kyM14Nj4I76Wm\nHm3cywKBgCptYkLXayZLFIiYE3B42YgdReTRUTY6kSddt8wniqS7xJP8nV/DTkSv\nzGLGFh34Ko0a1GldAHtSxMUwMfYzdF9qF4weZXO6aJd6dqEoZX/G+OKbwce980Ov\na25J4+cqNiiPwHQy4KtzpoZ01LzJmBJagD4g6WSq90nP/LmHZyco\n-----END RSA PRIVATE KEY-----\n",
            "private_key_pem_pkcs8": "-----BEGIN PRIVATE KEY-----\nMIIEvQIBADANBgkqhkiG9w0BAQEFAASCBKcwggSjAgEAAoIBAQDjNK0ACi8fMgso\nQuPn47W5Ph2pN7Z2dsrTXhRSKpRJ7X4oiLWR/J6ia2mJwL8bYG1h21nGnritnhhd\nIdptMZfDRx+IY1GiykybiJ2L5QYiTof5NIg+4tUXD/MHKokw95Nr5rM+jP+iU7YJ\n83IqlJCsliAXvgESecFPlKIqXDCgsCv0Uwa6iN1RHK9Y/cBFr3sODUo8fNY66YYA\n1qGe5P1CGx/3YOrNteP1izSrID5b5CnWgNWBDQoz+N/lCCYGc7Lop8EXabcNJ4Oe\nT1UAcBzj0ViSYAygvFI7ny6/e/tP64sOqVxXRQcM1AEtkg49167xCmDctVLaVwWm\nw9TOtjoZAgMBAAECggEAUdoWQR9qHnju4BBI/q9gNl4UXXP+verJ4x/PflJsnb17\nZ6rojrFNjQHZQZE4x+oTPd/CFfX0XkfISzT49cGaBPXIfGAbduQeeSHccBuP/CgC\ngFrWgqFBV0+dpAVE62klqQexp2UwaxBxUmBrzr8655Il+aevxzIp3DuVuGEB+8EO\nLx8rYYBaC3VOGjqgKGe1gizoVbP++rl0ALDjndXQRk+yjgDutjpXG+L4toK4iIxl\nmDfRcxz+kuEohdFUoVMLP8PbE6fxYrJE0fvw6hbtkehiLHrFFStoKiWtS6DpFgUw\n7bOAS7nJ5dJNxKYZvHN5Yvw2Ka0Oev8tbzGc/lUUyQKBgQDyKZQ3EFtmmGvQo6bx\nXJzUGkM3oSE7YRNW9AIiiEvmgYAbBrylFTVt2izzV2vN4NTlq0A6WCM+rEHc2aQF\nf8MXN5sZwtSvF8ZHVyNL/72IpMoqaKn8eFilRI+6iNPA8GdDPku34Wtp9IYOCgJN\n+uVypSkTCgWxUvW9x0SFaPNaVwKBgQDwME5+0Cb2hHqNTiD65kxsgrGbC/1ql6Wq\nOTYJFqA45/GZ2+/4LoEN1ufNHmhPqAwkWW16OxTCAu+jykrLE8fe6JilxjnaXkF4\nmt7jqNm0LiKnvtVs6IUDihHS4RVBkAve/0RxkoSF365Ny+5RfB5NfPsehxOOnkip\nq/Bgo2QpDwKBgQDv8CCp+mwFmIpi/HPB/Dhrs+Xb7awGsKW/5x9iZdeGedObc65g\nh0YcJSuapIjtQZLQSUDnTkMFqxnLIF3zEOcVTwQ/nxqqrgzIzN7tQ2ThSh4BrRiY\nTgnPHsKmWUIujkRSjRvrAtAx+JUGvgYQi8LiOCEdezWuv/s64YDUCuvsGwKBgEf2\nAR6HWJUVHe6GEOV66Dy+b13HmtY7tvuoBmN0ru49t6nkNiJCNJIj5/ERgikTbQfa\n7yzm1JJH9Oo6qmvrcj97qnhISn79LFpo9Ax7QzZzeBiP2Tu28lscG7j1jLvG33eh\nPS1Vu3Ssjnlqdu1c5WtL3aTIzXg2PgjvpaYebdzLAoGAKm1iQtdrJksUiJgTcHjZ\niB1F5NFRNjqRJ123zCeKpLvEk/ydX8NORK/MYsYWHfgqjRrUaV0Ae1LExTAx9jN0\nX2oXjB5lc7pol3p2oShlf8b44pvBx73zQ69rbknj5yo2KI/AdDLgq3OmhnTUvMmY\nElqAPiDpZKr3Sc/8uYdnJyg=\n-----END PRIVATE KEY-----\n",
            "public_key_fingerprint_md5": "4a:07:a2:52:9b:2d:ac:4f:90:e9:1a:b9:8d:62:15:8e",
            "public_key_fingerprint_sha256": "SHA256:+mgf+GNVCsHSMdJ2BVPgLOXIktpDHQLV2HYNzLQSjf0",
            "public_key_openssh": "ssh-rsa AAAAB3NzaC1yc2EAAAADAQABAAABAQDjNK0ACi8fMgsoQuPn47W5Ph2pN7Z2dsrTXhRSKpRJ7X4oiLWR/J6ia2mJwL8bYG1h21nGnritnhhdIdptMZfDRx+IY1GiykybiJ2L5QYiTof5NIg+4tUXD/MHKokw95Nr5rM+jP+iU7YJ83IqlJCsliAXvgESecFPlKIqXDCgsCv0Uwa6iN1RHK9Y/cBFr3sODUo8fNY66YYA1qGe5P1CGx/3YOrNteP1izSrID5b5CnWgNWBDQoz+N/lCCYGc7Lop8EXabcNJ4OeT1UAcBzj0ViSYAygvFI7ny6/e/tP64sOqVxXRQcM1AEtkg49167xCmDctVLaVwWmw9TOtjoZ\n",
            "public_key_pem": "-----BEGIN PUBLIC KEY-----\nMIIBIjANBgkqhkiG9w0BAQEFAAOCAQ8AMIIBCgKCAQEA4zStAAovHzILKELj5+O1\nuT4dqTe2dnbK014UUiqUSe1+KIi1kfyeomtpicC/G2BtYdtZxp64rZ4YXSHabTGX\nw0cfiGNRospMm4idi+UGIk6H+TSIPuLVFw/zByqJMPeTa+azPoz/olO2CfNyKpSQ\nrJYgF74BEnnBT5SiKlwwoLAr9FMGuojdURyvWP3ARa97Dg1KPHzWOumGANahnuT9\nQhsf92DqzbXj9Ys0qyA+W+Qp1oDVgQ0KM/jf5QgmBnOy6KfBF2m3DSeDnk9VAHAc\n49FYkmAMoLxSO58uv3v7T+uLDqlcV0UHDNQBLZIOPdeu8Qpg3LVS2lcFpsPUzrY6\nGQIDAQAB\n-----END PUBLIC KEY-----\n",
            "rsa_bits": 2048
          },
          "sensitive_attributes": []
        }
      ]
    },
    {
      "module": "module.ec2_instance[\"dev\"]",
      "mode": "data",
      "type": "aws_partition",
      "name": "current",
      "provider": "provider[\"registry.terraform.io/hashicorp/aws\"]",
      "instances": [
        {
          "schema_version": 0,
          "attributes": {
            "dns_suffix": "amazonaws.com",
            "id": "aws",
            "partition": "aws",
            "reverse_dns_prefix": "com.amazonaws"
          },
          "sensitive_attributes": []
        }
      ]
    },
    {
      "module": "module.ec2_instance[\"dev\"]",
      "mode": "data",
      "type": "aws_ssm_parameter",
      "name": "this",
      "provider": "provider[\"registry.terraform.io/hashicorp/aws\"]",
      "instances": [
        {
          "index_key": 0,
          "schema_version": 0,
          "attributes": {
            "arn": "arn:aws:ssm:us-east-1::parameter/aws/service/ami-amazon-linux-latest/amzn2-ami-hvm-x86_64-gp2",
            "id": "/aws/service/ami-amazon-linux-latest/amzn2-ami-hvm-x86_64-gp2",
            "insecure_value": "ami-09748abeb7370d1bc",
            "name": "/aws/service/ami-amazon-linux-latest/amzn2-ami-hvm-x86_64-gp2",
            "type": "String",
            "value": "ami-09748abeb7370d1bc",
            "version": 92,
            "with_decryption": true
          },
          "sensitive_attributes": []
        }
      ]
    },
    {
      "module": "module.ec2_instance[\"dev\"]",
      "mode": "managed",
      "type": "aws_instance",
      "name": "this",
      "provider": "provider[\"registry.terraform.io/hashicorp/aws\"]",
      "instances": [
        {
          "index_key": 0,
          "schema_version": 1,
          "attributes": {
            "ami": "ami-0a58b475e94715d02",
            "arn": "arn:aws:ec2:us-east-1:504958388858:instance/i-0d0e443b8457f939c",
            "associate_public_ip_address": true,
            "availability_zone": "us-east-1b",
            "capacity_reservation_specification": [
              {
                "capacity_reservation_preference": "open",
                "capacity_reservation_target": []
              }
            ],
            "cpu_core_count": 1,
            "cpu_options": [
              {
                "amd_sev_snp": "",
                "core_count": 1,
                "threads_per_core": 2
              }
            ],
            "cpu_threads_per_core": 2,
            "credit_specification": [
              {
                "cpu_credits": "unlimited"
              }
            ],
            "disable_api_stop": false,
            "disable_api_termination": false,
            "ebs_block_device": [],
            "ebs_optimized": false,
            "enclave_options": [
              {
                "enabled": false
              }
            ],
            "ephemeral_block_device": [],
            "get_password_data": false,
            "hibernation": false,
            "host_id": "",
            "host_resource_group_arn": null,
            "iam_instance_profile": "",
            "id": "i-0d0e443b8457f939c",
            "instance_initiated_shutdown_behavior": "stop",
            "instance_lifecycle": "",
            "instance_market_options": [],
            "instance_state": "running",
            "instance_type": "t3.micro",
            "ipv6_address_count": 0,
            "ipv6_addresses": [],
            "key_name": "keypair1",
            "launch_template": [],
            "maintenance_options": [
              {
                "auto_recovery": "default"
              }
            ],
            "metadata_options": [
              {
                "http_endpoint": "enabled",
                "http_put_response_hop_limit": 1,
                "http_tokens": "optional",
                "instance_metadata_tags": "disabled"
              }
            ],
            "monitoring": true,
            "network_interface": [],
            "outpost_arn": "",
            "password_data": "",
            "placement_group": "",
            "placement_partition_number": 0,
            "primary_network_interface_id": "eni-0e504f1990ebb628f",
            "private_dns": "ip-172-31-2-36.ec2.internal",
            "private_dns_name_options": [
              {
                "enable_resource_name_dns_a_record": false,
                "enable_resource_name_dns_aaaa_record": false,
                "hostname_type": "ip-name"
              }
            ],
            "private_ip": "172.31.2.36",
            "public_dns": "ec2-3-239-244-100.compute-1.amazonaws.com",
            "public_ip": "3.239.244.100",
            "root_block_device": [
              {
                "delete_on_termination": true,
                "device_name": "/dev/xvda",
                "encrypted": false,
                "iops": 0,
                "kms_key_id": "",
                "tags": {},
                "throughput": 0,
                "volume_id": "vol-04ff2d6cb4d0593d9",
                "volume_size": 8,
                "volume_type": "standard"
              }
            ],
            "secondary_private_ips": [],
            "security_groups": [
              "ansible-Web-SG"
            ],
            "source_dest_check": true,
            "spot_instance_request_id": "",
            "subnet_id": "subnet-07ffca396f438adc5",
            "tags": {
              "Environment": "dev",
              "Name": "dev-instance",
              "Terraform": "true"
            },
            "tags_all": {
              "Environment": "dev",
              "Name": "dev-instance",
              "Terraform": "true"
            },
            "tenancy": "default",
            "timeouts": {
              "create": null,
              "delete": null,
              "update": null
            },
            "user_data": "",
            "user_data_base64": null,
            "user_data_replace_on_change": false,
            "volume_tags": {
              "Name": "dev-instance"
            },
            "vpc_security_group_ids": [
              "sg-0dfcb521fa4c8ea1c"
            ]
          },
          "sensitive_attributes": [],
          "private": "eyJlMmJmYjczMC1lY2FhLTExZTYtOGY4OC0zNDM2M2JjN2M0YzAiOnsiY3JlYXRlIjo2MDAwMDAwMDAwMDAsImRlbGV0ZSI6MTIwMDAwMDAwMDAwMCwidXBkYXRlIjo2MDAwMDAwMDAwMDB9LCJzY2hlbWFfdmVyc2lvbiI6IjEifQ==",
          "dependencies": [
            "aws_default_vpc.default_vpc",
            "aws_key_pair.ec2_key",
            "aws_security_group.web-sg",
            "data.aws_ami.amazon-2",
            "module.ec2_instance.aws_iam_instance_profile.this",
            "module.ec2_instance.data.aws_ssm_parameter.this",
            "tls_private_key.ec2_key"
          ]
        }
      ]
    },
    {
      "module": "module.ec2_instance[\"master\"]",
      "mode": "data",
      "type": "aws_partition",
      "name": "current",
      "provider": "provider[\"registry.terraform.io/hashicorp/aws\"]",
      "instances": [
        {
          "schema_version": 0,
          "attributes": {
            "dns_suffix": "amazonaws.com",
            "id": "aws",
            "partition": "aws",
            "reverse_dns_prefix": "com.amazonaws"
          },
          "sensitive_attributes": []
        }
      ]
    },
    {
      "module": "module.ec2_instance[\"master\"]",
      "mode": "data",
      "type": "aws_ssm_parameter",
      "name": "this",
      "provider": "provider[\"registry.terraform.io/hashicorp/aws\"]",
      "instances": [
        {
          "index_key": 0,
          "schema_version": 0,
          "attributes": {
            "arn": "arn:aws:ssm:us-east-1::parameter/aws/service/ami-amazon-linux-latest/amzn2-ami-hvm-x86_64-gp2",
            "id": "/aws/service/ami-amazon-linux-latest/amzn2-ami-hvm-x86_64-gp2",
            "insecure_value": "ami-09748abeb7370d1bc",
            "name": "/aws/service/ami-amazon-linux-latest/amzn2-ami-hvm-x86_64-gp2",
            "type": "String",
            "value": "ami-09748abeb7370d1bc",
            "version": 92,
            "with_decryption": true
          },
          "sensitive_attributes": []
        }
      ]
    },
    {
      "module": "module.ec2_instance[\"master\"]",
      "mode": "managed",
      "type": "aws_instance",
      "name": "this",
      "provider": "provider[\"registry.terraform.io/hashicorp/aws\"]",
      "instances": [
        {
          "index_key": 0,
          "schema_version": 1,
          "attributes": {
            "ami": "ami-0a58b475e94715d02",
            "arn": "arn:aws:ec2:us-east-1:504958388858:instance/i-07cfdd03379028a5b",
            "associate_public_ip_address": true,
            "availability_zone": "us-east-1b",
            "capacity_reservation_specification": [
              {
                "capacity_reservation_preference": "open",
                "capacity_reservation_target": []
              }
            ],
            "cpu_core_count": 1,
            "cpu_options": [
              {
                "amd_sev_snp": "",
                "core_count": 1,
                "threads_per_core": 2
              }
            ],
            "cpu_threads_per_core": 2,
            "credit_specification": [
              {
                "cpu_credits": "unlimited"
              }
            ],
            "disable_api_stop": false,
            "disable_api_termination": false,
            "ebs_block_device": [],
            "ebs_optimized": false,
            "enclave_options": [
              {
                "enabled": false
              }
            ],
            "ephemeral_block_device": [],
            "get_password_data": false,
            "hibernation": false,
            "host_id": "",
            "host_resource_group_arn": null,
            "iam_instance_profile": "",
            "id": "i-07cfdd03379028a5b",
            "instance_initiated_shutdown_behavior": "stop",
            "instance_lifecycle": "",
            "instance_market_options": [],
            "instance_state": "running",
            "instance_type": "t3.micro",
            "ipv6_address_count": 0,
            "ipv6_addresses": [],
            "key_name": "keypair1",
            "launch_template": [],
            "maintenance_options": [
              {
                "auto_recovery": "default"
              }
            ],
            "metadata_options": [
              {
                "http_endpoint": "enabled",
                "http_put_response_hop_limit": 1,
                "http_tokens": "optional",
                "instance_metadata_tags": "disabled"
              }
            ],
            "monitoring": true,
            "network_interface": [],
            "outpost_arn": "",
            "password_data": "",
            "placement_group": "",
            "placement_partition_number": 0,
            "primary_network_interface_id": "eni-03f4c032193ee46ad",
            "private_dns": "ip-172-31-14-112.ec2.internal",
            "private_dns_name_options": [
              {
                "enable_resource_name_dns_a_record": false,
                "enable_resource_name_dns_aaaa_record": false,
                "hostname_type": "ip-name"
              }
            ],
            "private_ip": "172.31.14.112",
            "public_dns": "ec2-3-235-52-131.compute-1.amazonaws.com",
            "public_ip": "3.235.52.131",
            "root_block_device": [
              {
                "delete_on_termination": true,
                "device_name": "/dev/xvda",
                "encrypted": false,
                "iops": 0,
                "kms_key_id": "",
                "tags": {},
                "throughput": 0,
                "volume_id": "vol-0b18c71c3f2a1759a",
                "volume_size": 8,
                "volume_type": "standard"
              }
            ],
            "secondary_private_ips": [],
            "security_groups": [
              "ansible-Web-SG"
            ],
            "source_dest_check": true,
            "spot_instance_request_id": "",
            "subnet_id": "subnet-07ffca396f438adc5",
            "tags": {
              "Environment": "master",
              "Name": "master-instance",
              "Terraform": "true"
            },
            "tags_all": {
              "Environment": "master",
              "Name": "master-instance",
              "Terraform": "true"
            },
            "tenancy": "default",
            "timeouts": {
              "create": null,
              "delete": null,
              "update": null
            },
            "user_data": "990b55bc1601b1ff1a9e1c9292019855218b25c9",
            "user_data_base64": null,
            "user_data_replace_on_change": false,
            "volume_tags": {
              "Name": "master-instance"
            },
            "vpc_security_group_ids": [
              "sg-0dfcb521fa4c8ea1c"
            ]
          },
          "sensitive_attributes": [],
          "private": "eyJlMmJmYjczMC1lY2FhLTExZTYtOGY4OC0zNDM2M2JjN2M0YzAiOnsiY3JlYXRlIjo2MDAwMDAwMDAwMDAsImRlbGV0ZSI6MTIwMDAwMDAwMDAwMCwidXBkYXRlIjo2MDAwMDAwMDAwMDB9LCJzY2hlbWFfdmVyc2lvbiI6IjEifQ==",
          "dependencies": [
            "aws_default_vpc.default_vpc",
            "aws_key_pair.ec2_key",
            "aws_security_group.web-sg",
            "data.aws_ami.amazon-2",
            "module.ec2_instance.aws_iam_instance_profile.this",
            "module.ec2_instance.data.aws_ssm_parameter.this",
            "tls_private_key.ec2_key"
          ]
        }
      ]
    },
    {
      "module": "module.ec2_instance[\"qa\"]",
      "mode": "data",
      "type": "aws_partition",
      "name": "current",
      "provider": "provider[\"registry.terraform.io/hashicorp/aws\"]",
      "instances": [
        {
          "schema_version": 0,
          "attributes": {
            "dns_suffix": "amazonaws.com",
            "id": "aws",
            "partition": "aws",
            "reverse_dns_prefix": "com.amazonaws"
          },
          "sensitive_attributes": []
        }
      ]
    },
    {
      "module": "module.ec2_instance[\"qa\"]",
      "mode": "data",
      "type": "aws_ssm_parameter",
      "name": "this",
      "provider": "provider[\"registry.terraform.io/hashicorp/aws\"]",
      "instances": [
        {
          "index_key": 0,
          "schema_version": 0,
          "attributes": {
            "arn": "arn:aws:ssm:us-east-1::parameter/aws/service/ami-amazon-linux-latest/amzn2-ami-hvm-x86_64-gp2",
            "id": "/aws/service/ami-amazon-linux-latest/amzn2-ami-hvm-x86_64-gp2",
            "insecure_value": "ami-09748abeb7370d1bc",
            "name": "/aws/service/ami-amazon-linux-latest/amzn2-ami-hvm-x86_64-gp2",
            "type": "String",
            "value": "ami-09748abeb7370d1bc",
            "version": 92,
            "with_decryption": true
          },
          "sensitive_attributes": []
        }
      ]
    },
    {
      "module": "module.ec2_instance[\"qa\"]",
      "mode": "managed",
      "type": "aws_instance",
      "name": "this",
      "provider": "provider[\"registry.terraform.io/hashicorp/aws\"]",
      "instances": [
        {
          "index_key": 0,
          "schema_version": 1,
          "attributes": {
            "ami": "ami-0a58b475e94715d02",
            "arn": "arn:aws:ec2:us-east-1:504958388858:instance/i-0e9b0230830938dad",
            "associate_public_ip_address": true,
            "availability_zone": "us-east-1c",
            "capacity_reservation_specification": [
              {
                "capacity_reservation_preference": "open",
                "capacity_reservation_target": []
              }
            ],
            "cpu_core_count": 1,
            "cpu_options": [
              {
                "amd_sev_snp": "",
                "core_count": 1,
                "threads_per_core": 2
              }
            ],
            "cpu_threads_per_core": 2,
            "credit_specification": [
              {
                "cpu_credits": "unlimited"
              }
            ],
            "disable_api_stop": false,
            "disable_api_termination": false,
            "ebs_block_device": [],
            "ebs_optimized": false,
            "enclave_options": [
              {
                "enabled": false
              }
            ],
            "ephemeral_block_device": [],
            "get_password_data": false,
            "hibernation": false,
            "host_id": "",
            "host_resource_group_arn": null,
            "iam_instance_profile": "",
            "id": "i-0e9b0230830938dad",
            "instance_initiated_shutdown_behavior": "stop",
            "instance_lifecycle": "",
            "instance_market_options": [],
            "instance_state": "running",
            "instance_type": "t3.small",
            "ipv6_address_count": 0,
            "ipv6_addresses": [],
            "key_name": "keypair1",
            "launch_template": [],
            "maintenance_options": [
              {
                "auto_recovery": "default"
              }
            ],
            "metadata_options": [
              {
                "http_endpoint": "enabled",
                "http_put_response_hop_limit": 1,
                "http_tokens": "optional",
                "instance_metadata_tags": "disabled"
              }
            ],
            "monitoring": true,
            "network_interface": [],
            "outpost_arn": "",
            "password_data": "",
            "placement_group": "",
            "placement_partition_number": 0,
            "primary_network_interface_id": "eni-0e948f903fccd63e5",
            "private_dns": "ip-172-31-85-21.ec2.internal",
            "private_dns_name_options": [
              {
                "enable_resource_name_dns_a_record": false,
                "enable_resource_name_dns_aaaa_record": false,
                "hostname_type": "ip-name"
              }
            ],
            "private_ip": "172.31.85.21",
            "public_dns": "ec2-35-175-245-236.compute-1.amazonaws.com",
            "public_ip": "35.175.245.236",
            "root_block_device": [
              {
                "delete_on_termination": true,
                "device_name": "/dev/xvda",
                "encrypted": false,
                "iops": 0,
                "kms_key_id": "",
                "tags": {},
                "throughput": 0,
                "volume_id": "vol-0c75a26ec4a676f54",
                "volume_size": 8,
                "volume_type": "standard"
              }
            ],
            "secondary_private_ips": [],
            "security_groups": [
              "ansible-Web-SG"
            ],
            "source_dest_check": true,
            "spot_instance_request_id": "",
            "subnet_id": "subnet-0043092fd05b8910a",
            "tags": {
              "Environment": "qa",
              "Name": "qa-instance",
              "Terraform": "true"
            },
            "tags_all": {
              "Environment": "qa",
              "Name": "qa-instance",
              "Terraform": "true"
            },
            "tenancy": "default",
            "timeouts": {
              "create": null,
              "delete": null,
              "update": null
            },
            "user_data": "",
            "user_data_base64": null,
            "user_data_replace_on_change": false,
            "volume_tags": {
              "Name": "qa-instance"
            },
            "vpc_security_group_ids": [
              "sg-0dfcb521fa4c8ea1c"
            ]
          },
          "sensitive_attributes": [],
          "private": "eyJlMmJmYjczMC1lY2FhLTExZTYtOGY4OC0zNDM2M2JjN2M0YzAiOnsiY3JlYXRlIjo2MDAwMDAwMDAwMDAsImRlbGV0ZSI6MTIwMDAwMDAwMDAwMCwidXBkYXRlIjo2MDAwMDAwMDAwMDB9LCJzY2hlbWFfdmVyc2lvbiI6IjEifQ==",
          "dependencies": [
            "aws_default_vpc.default_vpc",
            "aws_key_pair.ec2_key",
            "aws_security_group.web-sg",
            "data.aws_ami.amazon-2",
            "module.ec2_instance.aws_iam_instance_profile.this",
            "module.ec2_instance.data.aws_ssm_parameter.this",
            "tls_private_key.ec2_key"
          ]
        }
      ]
    }
  ],
  "check_results": null
}
